// !$*UTF8*$!
{
	archiveVersion = 1;
	classes = {
	};
	objectVersion = 56;
	objects = {

/* Begin PBXBuildFile section */
		1639123B28EF12E900891917 /* checkLocationViewController.swift in Sources */ = {isa = PBXBuildFile; fileRef = 1639123A28EF12E900891917 /* checkLocationViewController.swift */; };
		16EDBCC128ED032F0031DEFB /* AppDelegate.swift in Sources */ = {isa = PBXBuildFile; fileRef = 16EDBCC028ED032F0031DEFB /* AppDelegate.swift */; };
		16EDBCC328ED032F0031DEFB /* SceneDelegate.swift in Sources */ = {isa = PBXBuildFile; fileRef = 16EDBCC228ED032F0031DEFB /* SceneDelegate.swift */; };
		16EDBCC528ED032F0031DEFB /* ViewController.swift in Sources */ = {isa = PBXBuildFile; fileRef = 16EDBCC428ED032F0031DEFB /* ViewController.swift */; };
		16EDBCC828ED032F0031DEFB /* Main.storyboard in Resources */ = {isa = PBXBuildFile; fileRef = 16EDBCC628ED032F0031DEFB /* Main.storyboard */; };
		16EDBCCA28ED03300031DEFB /* Assets.xcassets in Resources */ = {isa = PBXBuildFile; fileRef = 16EDBCC928ED03300031DEFB /* Assets.xcassets */; };
		16EDBCCD28ED03300031DEFB /* LaunchScreen.storyboard in Resources */ = {isa = PBXBuildFile; fileRef = 16EDBCCB28ED03300031DEFB /* LaunchScreen.storyboard */; };
/* End PBXBuildFile section */

/* Begin PBXFileReference section */
		1639123A28EF12E900891917 /* checkLocationViewController.swift */ = {isa = PBXFileReference; lastKnownFileType = sourcecode.swift; path = checkLocationViewController.swift; sourceTree = "<group>"; };
		16EDBCBD28ED032F0031DEFB /* HackerTonStep1.app */ = {isa = PBXFileReference; explicitFileType = wrapper.application; includeInIndex = 0; path = HackerTonStep1.app; sourceTree = BUILT_PRODUCTS_DIR; };
		16EDBCC028ED032F0031DEFB /* AppDelegate.swift */ = {isa = PBXFileReference; lastKnownFileType = sourcecode.swift; path = AppDelegate.swift; sourceTree = "<group>"; };
		16EDBCC228ED032F0031DEFB /* SceneDelegate.swift */ = {isa = PBXFileReference; lastKnownFileType = sourcecode.swift; path = SceneDelegate.swift; sourceTree = "<group>"; };
		16EDBCC428ED032F0031DEFB /* ViewController.swift */ = {isa = PBXFileReference; lastKnownFileType = sourcecode.swift; path = ViewController.swift; sourceTree = "<group>"; };
		16EDBCC728ED032F0031DEFB /* Base */ = {isa = PBXFileReference; lastKnownFileType = file.storyboard; name = Base; path = Base.lproj/Main.storyboard; sourceTree = "<group>"; };
		16EDBCC928ED03300031DEFB /* Assets.xcassets */ = {isa = PBXFileReference; lastKnownFileType = folder.assetcatalog; path = Assets.xcassets; sourceTree = "<group>"; };
		16EDBCCC28ED03300031DEFB /* Base */ = {isa = PBXFileReference; lastKnownFileType = file.storyboard; name = Base; path = Base.lproj/LaunchScreen.storyboard; sourceTree = "<group>"; };
		16EDBCCE28ED03300031DEFB /* Info.plist */ = {isa = PBXFileReference; lastKnownFileType = text.plist.xml; path = Info.plist; sourceTree = "<group>"; };
/* End PBXFileReference section */

/* Begin PBXFrameworksBuildPhase section */
		16EDBCBA28ED032F0031DEFB /* Frameworks */ = {
			isa = PBXFrameworksBuildPhase;
			buildActionMask = 2147483647;
			files = (
			);
			runOnlyForDeploymentPostprocessing = 0;
		};
/* End PBXFrameworksBuildPhase section */

/* Begin PBXGroup section */
		16EDBCB428ED032F0031DEFB = {
			isa = PBXGroup;
			children = (
				16EDBCBF28ED032F0031DEFB /* HackerTonStep1 */,
				16EDBCBE28ED032F0031DEFB /* Products */,
			);
			sourceTree = "<group>";
		};
		16EDBCBE28ED032F0031DEFB /* Products */ = {
			isa = PBXGroup;
			children = (
				16EDBCBD28ED032F0031DEFB /* HackerTonStep1.app */,
			);
			name = Products;
			sourceTree = "<group>";
		};
		16EDBCBF28ED032F0031DEFB /* HackerTonStep1 */ = {
			isa = PBXGroup;
			children = (
				16EDBCC028ED032F0031DEFB /* AppDelegate.swift */,
				16EDBCC228ED032F0031DEFB /* SceneDelegate.swift */,
				16EDBCC428ED032F0031DEFB /* ViewController.swift */,
				1639123A28EF12E900891917 /* checkLocationViewController.swift */,
				16EDBCC628ED032F0031DEFB /* Main.storyboard */,
				16EDBCC928ED03300031DEFB /* Assets.xcassets */,
				16EDBCCB28ED03300031DEFB /* LaunchScreen.storyboard */,
				16EDBCCE28ED03300031DEFB /* Info.plist */,
			);
			path = HackerTonStep1;
			sourceTree = "<group>";
		};
/* End PBXGroup section */

/* Begin PBXNativeTarget section */
		16EDBCBC28ED032F0031DEFB /* HackerTonStep1 */ = {
			isa = PBXNativeTarget;
			buildConfigurationList = 16EDBCD128ED03300031DEFB /* Build configuration list for PBXNativeTarget "HackerTonStep1" */;
			buildPhases = (
				16EDBCB928ED032F0031DEFB /* Sources */,
				16EDBCBA28ED032F0031DEFB /* Frameworks */,
				16EDBCBB28ED032F0031DEFB /* Resources */,
			);
			buildRules = (
			);
			dependencies = (
			);
			name = HackerTonStep1;
			productName = HackerTonStep1;
			productReference = 16EDBCBD28ED032F0031DEFB /* HackerTonStep1.app */;
			productType = "com.apple.product-type.application";
		};
/* End PBXNativeTarget section */

/* Begin PBXProject section */
		16EDBCB528ED032F0031DEFB /* Project object */ = {
			isa = PBXProject;
			attributes = {
				BuildIndependentTargetsInParallel = 1;
				LastSwiftUpdateCheck = 1400;
				LastUpgradeCheck = 1400;
				TargetAttributes = {
					16EDBCBC28ED032F0031DEFB = {
						CreatedOnToolsVersion = 14.0;
					};
				};
			};
			buildConfigurationList = 16EDBCB828ED032F0031DEFB /* Build configuration list for PBXProject "HackerTonStep1" */;
			compatibilityVersion = "Xcode 14.0";
			developmentRegion = en;
			hasScannedForEncodings = 0;
			knownRegions = (
				en,
				Base,
			);
			mainGroup = 16EDBCB428ED032F0031DEFB;
			productRefGroup = 16EDBCBE28ED032F0031DEFB /* Products */;
			projectDirPath = "";
			projectRoot = "";
			targets = (
				16EDBCBC28ED032F0031DEFB /* HackerTonStep1 */,
			);
		};
/* End PBXProject section */

/* Begin PBXResourcesBuildPhase section */
		16EDBCBB28ED032F0031DEFB /* Resources */ = {
			isa = PBXResourcesBuildPhase;
			buildActionMask = 2147483647;
			files = (
				16EDBCCD28ED03300031DEFB /* LaunchScreen.storyboard in Resources */,
				16EDBCCA28ED03300031DEFB /* Assets.xcassets in Resources */,
				16EDBCC828ED032F0031DEFB /* Main.storyboard in Resources */,
			);
			runOnlyForDeploymentPostprocessing = 0;
		};
/* End PBXResourcesBuildPhase section */

/* Begin PBXSourcesBuildPhase section */
		16EDBCB928ED032F0031DEFB /* Sources */ = {
			isa = PBXSourcesBuildPhase;
			buildActionMask = 2147483647;
			files = (
				16EDBCC528ED032F0031DEFB /* ViewController.swift in Sources */,
				16EDBCC128ED032F0031DEFB /* AppDelegate.swift in Sources */,
				1639123B28EF12E900891917 /* checkLocationViewController.swift in Sources */,
				16EDBCC328ED032F0031DEFB /* SceneDelegate.swift in Sources */,
			);
			runOnlyForDeploymentPostprocessing = 0;
		};
/* End PBXSourcesBuildPhase section */

/* Begin PBXVariantGroup section */
		16EDBCC628ED032F0031DEFB /* Main.storyboard */ = {
			isa = PBXVariantGroup;
			children = (
				16EDBCC728ED032F0031DEFB /* Base */,
			);
			name = Main.storyboard;
			sourceTree = "<group>";
		};
		16EDBCCB28ED03300031DEFB /* LaunchScreen.storyboard */ = {
			isa = PBXVariantGroup;
			children = (
				16EDBCCC28ED03300031DEFB /* Base */,
			);
			name = LaunchScreen.storyboard;
			sourceTree = "<group>";
		};
/* End PBXVariantGroup section */

/* Begin XCBuildConfiguration section */
		16EDBCCF28ED03300031DEFB /* Debug */ = {
			isa = XCBuildConfiguration;
			buildSettings = {
				ALWAYS_SEARCH_USER_PATHS = NO;
				CLANG_ANALYZER_NONNULL = YES;
				CLANG_ANALYZER_NUMBER_OBJECT_CONVERSION = YES_AGGRESSIVE;
				CLANG_CXX_LANGUAGE_STANDARD = "gnu++20";
				CLANG_ENABLE_MODULES = YES;
				CLANG_ENABLE_OBJC_ARC = YES;
				CLANG_ENABLE_OBJC_WEAK = YES;
				CLANG_WARN_BLOCK_CAPTURE_AUTORELEASING = YES;
				CLANG_WARN_BOOL_CONVERSION = YES;
				CLANG_WARN_COMMA = YES;
				CLANG_WARN_CONSTANT_CONVERSION = YES;
				CLANG_WARN_DEPRECATED_OBJC_IMPLEMENTATIONS = YES;
				CLANG_WARN_DIRECT_OBJC_ISA_USAGE = YES_ERROR;
				CLANG_WARN_DOCUMENTATION_COMMENTS = YES;
				CLANG_WARN_EMPTY_BODY = YES;
				CLANG_WARN_ENUM_CONVERSION = YES;
				CLANG_WARN_INFINITE_RECURSION = YES;
				CLANG_WARN_INT_CONVERSION = YES;
				CLANG_WARN_NON_LITERAL_NULL_CONVERSION = YES;
				CLANG_WARN_OBJC_IMPLICIT_RETAIN_SELF = YES;
				CLANG_WARN_OBJC_LITERAL_CONVERSION = YES;
				CLANG_WARN_OBJC_ROOT_CLASS = YES_ERROR;
				CLANG_WARN_QUOTED_INCLUDE_IN_FRAMEWORK_HEADER = YES;
				CLANG_WARN_RANGE_LOOP_ANALYSIS = YES;
				CLANG_WARN_STRICT_PROTOTYPES = YES;
				CLANG_WARN_SUSPICIOUS_MOVE = YES;
				CLANG_WARN_UNGUARDED_AVAILABILITY = YES_AGGRESSIVE;
				CLANG_WARN_UNREACHABLE_CODE = YES;
				CLANG_WARN__DUPLICATE_METHOD_MATCH = YES;
				COPY_PHASE_STRIP = NO;
				DEBUG_INFORMATION_FORMAT = dwarf;
				ENABLE_STRICT_OBJC_MSGSEND = YES;
				ENABLE_TESTABILITY = YES;
				GCC_C_LANGUAGE_STANDARD = gnu11;
				GCC_DYNAMIC_NO_PIC = NO;
				GCC_NO_COMMON_BLOCKS = YES;
				GCC_OPTIMIZATION_LEVEL = 0;
				GCC_PREPROCESSOR_DEFINITIONS = (
					"DEBUG=1",
					"$(inherited)",
				);
				GCC_WARN_64_TO_32_BIT_CONVERSION = YES;
				GCC_WARN_ABOUT_RETURN_TYPE = YES_ERROR;
				GCC_WARN_UNDECLARED_SELECTOR = YES;
				GCC_WARN_UNINITIALIZED_AUTOS = YES_AGGRESSIVE;
				GCC_WARN_UNUSED_FUNCTION = YES;
				GCC_WARN_UNUSED_VARIABLE = YES;
				IPHONEOS_DEPLOYMENT_TARGET = 16.0;
				MTL_ENABLE_DEBUG_INFO = INCLUDE_SOURCE;
				MTL_FAST_MATH = YES;
				ONLY_ACTIVE_ARCH = YES;
				SDKROOT = iphoneos;
				SWIFT_ACTIVE_COMPILATION_CONDITIONS = DEBUG;
				SWIFT_OPTIMIZATION_LEVEL = "-Onone";
			};
			name = Debug;
		};
		16EDBCD028ED03300031DEFB /* Release */ = {
			isa = XCBuildConfiguration;
			buildSettings = {
				ALWAYS_SEARCH_USER_PATHS = NO;
				CLANG_ANALYZER_NONNULL = YES;
				CLANG_ANALYZER_NUMBER_OBJECT_CONVERSION = YES_AGGRESSIVE;
				CLANG_CXX_LANGUAGE_STANDARD = "gnu++20";
				CLANG_ENABLE_MODULES = YES;
				CLANG_ENABLE_OBJC_ARC = YES;
				CLANG_ENABLE_OBJC_WEAK = YES;
				CLANG_WARN_BLOCK_CAPTURE_AUTORELEASING = YES;
				CLANG_WARN_BOOL_CONVERSION = YES;
				CLANG_WARN_COMMA = YES;
				CLANG_WARN_CONSTANT_CONVERSION = YES;
				CLANG_WARN_DEPRECATED_OBJC_IMPLEMENTATIONS = YES;
				CLANG_WARN_DIRECT_OBJC_ISA_USAGE = YES_ERROR;
				CLANG_WARN_DOCUMENTATION_COMMENTS = YES;
				CLANG_WARN_EMPTY_BODY = YES;
				CLANG_WARN_ENUM_CONVERSION = YES;
				CLANG_WARN_INFINITE_RECURSION = YES;
				CLANG_WARN_INT_CONVERSION = YES;
				CLANG_WARN_NON_LITERAL_NULL_CONVERSION = YES;
				CLANG_WARN_OBJC_IMPLICIT_RETAIN_SELF = YES;
				CLANG_WARN_OBJC_LITERAL_CONVERSION = YES;
				CLANG_WARN_OBJC_ROOT_CLASS = YES_ERROR;
				CLANG_WARN_QUOTED_INCLUDE_IN_FRAMEWORK_HEADER = YES;
				CLANG_WARN_RANGE_LOOP_ANALYSIS = YES;
				CLANG_WARN_STRICT_PROTOTYPES = YES;
				CLANG_WARN_SUSPICIOUS_MOVE = YES;
				CLANG_WARN_UNGUARDED_AVAILABILITY = YES_AGGRESSIVE;
				CLANG_WARN_UNREACHABLE_CODE = YES;
				CLANG_WARN__DUPLICATE_METHOD_MATCH = YES;
				COPY_PHASE_STRIP = NO;
				DEBUG_INFORMATION_FORMAT = "dwarf-with-dsym";
				ENABLE_NS_ASSERTIONS = NO;
				ENABLE_STRICT_OBJC_MSGSEND = YES;
				GCC_C_LANGUAGE_STANDARD = gnu11;
				GCC_NO_COMMON_BLOCKS = YES;
				GCC_WARN_64_TO_32_BIT_CONVERSION = YES;
				GCC_WARN_ABOUT_RETURN_TYPE = YES_ERROR;
				GCC_WARN_UNDECLARED_SELECTOR = YES;
				GCC_WARN_UNINITIALIZED_AUTOS = YES_AGGRESSIVE;
				GCC_WARN_UNUSED_FUNCTION = YES;
				GCC_WARN_UNUSED_VARIABLE = YES;
				IPHONEOS_DEPLOYMENT_TARGET = 16.0;
				MTL_ENABLE_DEBUG_INFO = NO;
				MTL_FAST_MATH = YES;
				SDKROOT = iphoneos;
				SWIFT_COMPILATION_MODE = wholemodule;
				SWIFT_OPTIMIZATION_LEVEL = "-O";
				VALIDATE_PRODUCT = YES;
			};
			name = Release;
		};
		16EDBCD228ED03300031DEFB /* Debug */ = {
			isa = XCBuildConfiguration;
			buildSettings = {
				ASSETCATALOG_COMPILER_APPICON_NAME = AppIcon;
				ASSETCATALOG_COMPILER_GLOBAL_ACCENT_COLOR_NAME = AccentColor;
				CODE_SIGN_STYLE = Automatic;
				CURRENT_PROJECT_VERSION = 1;
				DEVELOPMENT_TEAM = 69AX92X75M;
				GENERATE_INFOPLIST_FILE = YES;
				INFOPLIST_FILE = HackerTonStep1/Info.plist;
				INFOPLIST_KEY_UIApplicationSupportsIndirectInputEvents = YES;
				INFOPLIST_KEY_UILaunchStoryboardName = LaunchScreen;
				INFOPLIST_KEY_UIMainStoryboardFile = Main;
				INFOPLIST_KEY_UISupportedInterfaceOrientations_iPad = "UIInterfaceOrientationPortrait UIInterfaceOrientationPortraitUpsideDown UIInterfaceOrientationLandscapeLeft UIInterfaceOrientationLandscapeRight";
				INFOPLIST_KEY_UISupportedInterfaceOrientations_iPhone = "UIInterfaceOrientationPortrait UIInterfaceOrientationLandscapeLeft UIInterfaceOrientationLandscapeRight";
				LD_RUNPATH_SEARCH_PATHS = (
					"$(inherited)",
					"@executable_path/Frameworks",
				);
				MARKETING_VERSION = 1.0;
				PRODUCT_BUNDLE_IDENTIFIER = com.study.HackerTonStep1;
				PRODUCT_NAME = "$(TARGET_NAME)";
				SWIFT_EMIT_LOC_STRINGS = YES;
				SWIFT_VERSION = 5.0;
				TARGETED_DEVICE_FAMILY = "1,2";
			};
			name = Debug;
		};
		16EDBCD328ED03300031DEFB /* Release */ = {
			isa = XCBuildConfiguration;
			buildSettings = {
				ASSETCATALOG_COMPILER_APPICON_NAME = AppIcon;
				ASSETCATALOG_COMPILER_GLOBAL_ACCENT_COLOR_NAME = AccentColor;
				CODE_SIGN_STYLE = Automatic;
				CURRENT_PROJECT_VERSION = 1;
				DEVELOPMENT_TEAM = 69AX92X75M;
				GENERATE_INFOPLIST_FILE = YES;
				INFOPLIST_FILE = HackerTonStep1/Info.plist;
				INFOPLIST_KEY_UIApplicationSupportsIndirectInputEvents = YES;
				INFOPLIST_KEY_UILaunchStoryboardName = LaunchScreen;
				INFOPLIST_KEY_UIMainStoryboardFile = Main;
				INFOPLIST_KEY_UISupportedInterfaceOrientations_iPad = "UIInterfaceOrientationPortrait UIInterfaceOrientationPortraitUpsideDown UIInterfaceOrientationLandscapeLeft UIInterfaceOrientationLandscapeRight";
				INFOPLIST_KEY_UISupportedInterfaceOrientations_iPhone = "UIInterfaceOrientationPortrait UIInterfaceOrientationLandscapeLeft UIInterfaceOrientationLandscapeRight";
				LD_RUNPATH_SEARCH_PATHS = (
					"$(inherited)",
					"@executable_path/Frameworks",
				);
				MARKETING_VERSION = 1.0;
				PRODUCT_BUNDLE_IDENTIFIER = com.study.HackerTonStep1;
				PRODUCT_NAME = "$(TARGET_NAME)";
				SWIFT_EMIT_LOC_STRINGS = YES;
				SWIFT_VERSION = 5.0;
				TARGETED_DEVICE_FAMILY = "1,2";
			};
			name = Release;
		};
/* End XCBuildConfiguration section */

/* Begin XCConfigurationList section */
		16EDBCB828ED032F0031DEFB /* Build configuration list for PBXProject "HackerTonStep1" */ = {
			isa = XCConfigurationList;
			buildConfigurations = (
				16EDBCCF28ED03300031DEFB /* Debug */,
				16EDBCD028ED03300031DEFB /* Release */,
			);
			defaultConfigurationIsVisible = 0;
			defaultConfigurationName = Release;
		};
		16EDBCD128ED03300031DEFB /* Build configuration list for PBXNativeTarget "HackerTonStep1" */ = {
			isa = XCConfigurationList;
			buildConfigurations = (
				16EDBCD228ED03300031DEFB /* Debug */,
				16EDBCD328ED03300031DEFB /* Release */,
			);
			defaultConfigurationIsVisible = 0;
			defaultConfigurationName = Release;
		};
/* End XCConfigurationList section */
	};
	rootObject = 16EDBCB528ED032F0031DEFB /* Project object */;
}
